// !$*UTF8*$!
{
	archiveVersion = 1;
	classes = {
	};
	objectVersion = 48;
	objects = {

/* Begin PBXBuildFile section */
		292160972077CF8F00F24520 /* firePar.sks in Resources */ = {isa = PBXBuildFile; fileRef = 292160962077CF8F00F24520 /* firePar.sks */; };
		292160C12077E33C00F24520 /* MyFier.sks in Resources */ = {isa = PBXBuildFile; fileRef = 292160C02077E33C00F24520 /* MyFier.sks */; };
		2957DFF41F659502007CAE78 /* AppDelegate.swift in Sources */ = {isa = PBXBuildFile; fileRef = 2957DFF31F659502007CAE78 /* AppDelegate.swift */; };
		2957DFF61F659502007CAE78 /* GameScene.sks in Resources */ = {isa = PBXBuildFile; fileRef = 2957DFF51F659502007CAE78 /* GameScene.sks */; };
		2957DFF81F659502007CAE78 /* Actions.sks in Resources */ = {isa = PBXBuildFile; fileRef = 2957DFF71F659502007CAE78 /* Actions.sks */; };
		2957DFFA1F659502007CAE78 /* GameScene.swift in Sources */ = {isa = PBXBuildFile; fileRef = 2957DFF91F659502007CAE78 /* GameScene.swift */; };
		2957DFFC1F659502007CAE78 /* GameViewController.swift in Sources */ = {isa = PBXBuildFile; fileRef = 2957DFFB1F659502007CAE78 /* GameViewController.swift */; };
		2957DFFF1F659502007CAE78 /* Main.storyboard in Resources */ = {isa = PBXBuildFile; fileRef = 2957DFFD1F659502007CAE78 /* Main.storyboard */; };
		2957E0011F659502007CAE78 /* Assets.xcassets in Resources */ = {isa = PBXBuildFile; fileRef = 2957E0001F659502007CAE78 /* Assets.xcassets */; };
		2957E0041F659502007CAE78 /* LaunchScreen.storyboard in Resources */ = {isa = PBXBuildFile; fileRef = 2957E0021F659502007CAE78 /* LaunchScreen.storyboard */; };
		2957E0391F65A5B4007CAE78 /* BallsPar.sks in Resources */ = {isa = PBXBuildFile; fileRef = 2957E0381F65A5B4007CAE78 /* BallsPar.sks */; };
		2957E04C1F65CC65007CAE78 /* routBalls.png in Resources */ = {isa = PBXBuildFile; fileRef = 2957E0371F65A54B007CAE78 /* routBalls.png */; };
		2957E04D1F65CC65007CAE78 /* monkey.png in Resources */ = {isa = PBXBuildFile; fileRef = 2957E0111F659A7C007CAE78 /* monkey.png */; };
		2957E04E1F65CC65007CAE78 /* bg.png in Resources */ = {isa = PBXBuildFile; fileRef = 2957E0481F65CC11007CAE78 /* bg.png */; };
		2957E0501F65CC65007CAE78 /* releasePoint.png in Resources */ = {isa = PBXBuildFile; fileRef = 2957E0461F65C5CF007CAE78 /* releasePoint.png */; };
		2957E0511F65CC65007CAE78 /* shootCircle.png in Resources */ = {isa = PBXBuildFile; fileRef = 2957E0411F65BF1F007CAE78 /* shootCircle.png */; };
		2957E0531F65CD75007CAE78 /* slingerShot.png in Resources */ = {isa = PBXBuildFile; fileRef = 2957E0521F65CD73007CAE78 /* slingerShot.png */; };
		2957E0551F65CF60007CAE78 /* woodPiece.png in Resources */ = {isa = PBXBuildFile; fileRef = 2957E0541F65CF5E007CAE78 /* woodPiece.png */; };
		2957E0571F6626AB007CAE78 /* metal.png in Resources */ = {isa = PBXBuildFile; fileRef = 2957E0561F6626A9007CAE78 /* metal.png */; };
		2957E05A1F662BAD007CAE78 /* pauseButton.png in Resources */ = {isa = PBXBuildFile; fileRef = 2957E0591F662938007CAE78 /* pauseButton.png */; };
		2957E05B1F662BAD007CAE78 /* playButton.png in Resources */ = {isa = PBXBuildFile; fileRef = 2957E0581F662938007CAE78 /* playButton.png */; };
		2983CBC91F681D1800FD387E /* Beep1.wav in Resources */ = {isa = PBXBuildFile; fileRef = 2983CBC81F681D1500FD387E /* Beep1.wav */; };
/* End PBXBuildFile section */

/* Begin PBXFileReference section */
		292160962077CF8F00F24520 /* firePar.sks */ = {isa = PBXFileReference; lastKnownFileType = file.sks; path = firePar.sks; sourceTree = "<group>"; };
		292160C02077E33C00F24520 /* MyFier.sks */ = {isa = PBXFileReference; lastKnownFileType = file.sks; path = MyFier.sks; sourceTree = "<group>"; };
		2957DFF01F659502007CAE78 /* My Game App.app */ = {isa = PBXFileReference; explicitFileType = wrapper.application; includeInIndex = 0; path = "My Game App.app"; sourceTree = BUILT_PRODUCTS_DIR; };
		2957DFF31F659502007CAE78 /* AppDelegate.swift */ = {isa = PBXFileReference; lastKnownFileType = sourcecode.swift; path = AppDelegate.swift; sourceTree = "<group>"; };
		2957DFF51F659502007CAE78 /* GameScene.sks */ = {isa = PBXFileReference; lastKnownFileType = file.sks; path = GameScene.sks; sourceTree = "<group>"; };
		2957DFF71F659502007CAE78 /* Actions.sks */ = {isa = PBXFileReference; lastKnownFileType = file.sks; path = Actions.sks; sourceTree = "<group>"; };
		2957DFF91F659502007CAE78 /* GameScene.swift */ = {isa = PBXFileReference; lastKnownFileType = sourcecode.swift; path = GameScene.swift; sourceTree = "<group>"; };
		2957DFFB1F659502007CAE78 /* GameViewController.swift */ = {isa = PBXFileReference; lastKnownFileType = sourcecode.swift; path = GameViewController.swift; sourceTree = "<group>"; };
		2957DFFE1F659502007CAE78 /* Base */ = {isa = PBXFileReference; lastKnownFileType = file.storyboard; name = Base; path = Base.lproj/Main.storyboard; sourceTree = "<group>"; };
		2957E0001F659502007CAE78 /* Assets.xcassets */ = {isa = PBXFileReference; lastKnownFileType = folder.assetcatalog; path = Assets.xcassets; sourceTree = "<group>"; };
		2957E0031F659502007CAE78 /* Base */ = {isa = PBXFileReference; lastKnownFileType = file.storyboard; name = Base; path = Base.lproj/LaunchScreen.storyboard; sourceTree = "<group>"; };
		2957E0051F659502007CAE78 /* Info.plist */ = {isa = PBXFileReference; lastKnownFileType = text.plist.xml; path = Info.plist; sourceTree = "<group>"; };
		2957E0111F659A7C007CAE78 /* monkey.png */ = {isa = PBXFileReference; lastKnownFileType = image.png; path = monkey.png; sourceTree = "<group>"; };
		2957E0371F65A54B007CAE78 /* routBalls.png */ = {isa = PBXFileReference; lastKnownFileType = image.png; path = routBalls.png; sourceTree = "<group>"; };
		2957E0381F65A5B4007CAE78 /* BallsPar.sks */ = {isa = PBXFileReference; lastKnownFileType = file.sks; path = BallsPar.sks; sourceTree = "<group>"; };
		2957E0411F65BF1F007CAE78 /* shootCircle.png */ = {isa = PBXFileReference; lastKnownFileType = image.png; path = shootCircle.png; sourceTree = "<group>"; };
		2957E0461F65C5CF007CAE78 /* releasePoint.png */ = {isa = PBXFileReference; lastKnownFileType = image.png; path = releasePoint.png; sourceTree = "<group>"; };
		2957E0481F65CC11007CAE78 /* bg.png */ = {isa = PBXFileReference; lastKnownFileType = image.png; path = bg.png; sourceTree = "<group>"; };
		2957E0521F65CD73007CAE78 /* slingerShot.png */ = {isa = PBXFileReference; lastKnownFileType = image.png; path = slingerShot.png; sourceTree = "<group>"; };
		2957E0541F65CF5E007CAE78 /* woodPiece.png */ = {isa = PBXFileReference; lastKnownFileType = image.png; path = woodPiece.png; sourceTree = "<group>"; };
		2957E0561F6626A9007CAE78 /* metal.png */ = {isa = PBXFileReference; lastKnownFileType = image.png; path = metal.png; sourceTree = "<group>"; };
		2957E0581F662938007CAE78 /* playButton.png */ = {isa = PBXFileReference; lastKnownFileType = image.png; path = playButton.png; sourceTree = "<group>"; };
		2957E0591F662938007CAE78 /* pauseButton.png */ = {isa = PBXFileReference; lastKnownFileType = image.png; path = pauseButton.png; sourceTree = "<group>"; };
		2983CBC81F681D1500FD387E /* Beep1.wav */ = {isa = PBXFileReference; lastKnownFileType = audio.wav; path = Beep1.wav; sourceTree = "<group>"; };
/* End PBXFileReference section */

/* Begin PBXFrameworksBuildPhase section */
		2957DFED1F659502007CAE78 /* Frameworks */ = {
			isa = PBXFrameworksBuildPhase;
			buildActionMask = 2147483647;
			files = (
			);
			runOnlyForDeploymentPostprocessing = 0;
		};
/* End PBXFrameworksBuildPhase section */

/* Begin PBXGroup section */
		2957DFE71F659502007CAE78 = {
			isa = PBXGroup;
			children = (
				2957DFF21F659502007CAE78 /* My Game App */,
				2957DFF11F659502007CAE78 /* Products */,
			);
			sourceTree = "<group>";
		};
		2957DFF11F659502007CAE78 /* Products */ = {
			isa = PBXGroup;
			children = (
				2957DFF01F659502007CAE78 /* My Game App.app */,
			);
			name = Products;
			sourceTree = "<group>";
		};
		2957DFF21F659502007CAE78 /* My Game App */ = {
			isa = PBXGroup;
			children = (
				2957E04A1F65CC23007CAE78 /* media */,
				2957DFF31F659502007CAE78 /* AppDelegate.swift */,
				2957DFFB1F659502007CAE78 /* GameViewController.swift */,
				2957DFF51F659502007CAE78 /* GameScene.sks */,
				2957E0381F65A5B4007CAE78 /* BallsPar.sks */,
				292160C02077E33C00F24520 /* MyFier.sks */,
				292160962077CF8F00F24520 /* firePar.sks */,
				2957DFF71F659502007CAE78 /* Actions.sks */,
				2957DFF91F659502007CAE78 /* GameScene.swift */,
				2957DFFD1F659502007CAE78 /* Main.storyboard */,
				2957E0001F659502007CAE78 /* Assets.xcassets */,
				2957E0021F659502007CAE78 /* LaunchScreen.storyboard */,
				2957E0051F659502007CAE78 /* Info.plist */,
			);
			path = "My Game App";
			sourceTree = "<group>";
		};
		2957E04A1F65CC23007CAE78 /* media */ = {
			isa = PBXGroup;
			children = (
				2983CBC81F681D1500FD387E /* Beep1.wav */,
				2957E0371F65A54B007CAE78 /* routBalls.png */,
				2957E0541F65CF5E007CAE78 /* woodPiece.png */,
				2957E0521F65CD73007CAE78 /* slingerShot.png */,
				2957E0591F662938007CAE78 /* pauseButton.png */,
				2957E0581F662938007CAE78 /* playButton.png */,
				2957E0561F6626A9007CAE78 /* metal.png */,
				2957E0111F659A7C007CAE78 /* monkey.png */,
				2957E0481F65CC11007CAE78 /* bg.png */,
				2957E0461F65C5CF007CAE78 /* releasePoint.png */,
				2957E0411F65BF1F007CAE78 /* shootCircle.png */,
			);
			path = media;
			sourceTree = "<group>";
		};
/* End PBXGroup section */

/* Begin PBXNativeTarget section */
		2957DFEF1F659502007CAE78 /* My Game App */ = {
			isa = PBXNativeTarget;
			buildConfigurationList = 2957E0081F659502007CAE78 /* Build configuration list for PBXNativeTarget "My Game App" */;
			buildPhases = (
				2957DFEC1F659502007CAE78 /* Sources */,
				2957DFED1F659502007CAE78 /* Frameworks */,
				2957DFEE1F659502007CAE78 /* Resources */,
			);
			buildRules = (
			);
			dependencies = (
			);
			name = "My Game App";
			productName = "My Game App";
			productReference = 2957DFF01F659502007CAE78 /* My Game App.app */;
			productType = "com.apple.product-type.application";
		};
/* End PBXNativeTarget section */

/* Begin PBXProject section */
		2957DFE81F659502007CAE78 /* Project object */ = {
			isa = PBXProject;
			attributes = {
				LastSwiftUpdateCheck = 0900;
				LastUpgradeCheck = 0900;
				ORGANIZATIONNAME = "Cinard Digital Media Institute";
				TargetAttributes = {
					2957DFEF1F659502007CAE78 = {
						CreatedOnToolsVersion = 9.0;
						ProvisioningStyle = Automatic;
					};
				};
			};
			buildConfigurationList = 2957DFEB1F659502007CAE78 /* Build configuration list for PBXProject "My Game App" */;
			compatibilityVersion = "Xcode 8.0";
			developmentRegion = en;
			hasScannedForEncodings = 0;
			knownRegions = (
				en,
				Base,
			);
			mainGroup = 2957DFE71F659502007CAE78;
			productRefGroup = 2957DFF11F659502007CAE78 /* Products */;
			projectDirPath = "";
			projectRoot = "";
			targets = (
				2957DFEF1F659502007CAE78 /* My Game App */,
			);
		};
/* End PBXProject section */

/* Begin PBXResourcesBuildPhase section */
		2957DFEE1F659502007CAE78 /* Resources */ = {
			isa = PBXResourcesBuildPhase;
			buildActionMask = 2147483647;
			files = (
				2957E04D1F65CC65007CAE78 /* monkey.png in Resources */,
				2957E0391F65A5B4007CAE78 /* BallsPar.sks in Resources */,
				2957E04E1F65CC65007CAE78 /* bg.png in Resources */,
				2957E05B1F662BAD007CAE78 /* playButton.png in Resources */,
				2957DFFF1F659502007CAE78 /* Main.storyboard in Resources */,
				2957E0531F65CD75007CAE78 /* slingerShot.png in Resources */,
				292160C12077E33C00F24520 /* MyFier.sks in Resources */,
				2957E04C1F65CC65007CAE78 /* routBalls.png in Resources */,
				2957E0501F65CC65007CAE78 /* releasePoint.png in Resources */,
				2957E0571F6626AB007CAE78 /* metal.png in Resources */,
				2957DFF61F659502007CAE78 /* GameScene.sks in Resources */,
				2957E0011F659502007CAE78 /* Assets.xcassets in Resources */,
				2957E0041F659502007CAE78 /* LaunchScreen.storyboard in Resources */,
				2957E05A1F662BAD007CAE78 /* pauseButton.png in Resources */,
				2957E0511F65CC65007CAE78 /* shootCircle.png in Resources */,
				2957E0551F65CF60007CAE78 /* woodPiece.png in Resources */,
				2983CBC91F681D1800FD387E /* Beep1.wav in Resources */,
				2957DFF81F659502007CAE78 /* Actions.sks in Resources */,
				292160972077CF8F00F24520 /* firePar.sks in Resources */,
			);
			runOnlyForDeploymentPostprocessing = 0;
		};
/* End PBXResourcesBuildPhase section */

/* Begin PBXSourcesBuildPhase section */
		2957DFEC1F659502007CAE78 /* Sources */ = {
			isa = PBXSourcesBuildPhase;
			buildActionMask = 2147483647;
			files = (
				2957DFFA1F659502007CAE78 /* GameScene.swift in Sources */,
				2957DFFC1F659502007CAE78 /* GameViewController.swift in Sources */,
				2957DFF41F659502007CAE78 /* AppDelegate.swift in Sources */,
			);
			runOnlyForDeploymentPostprocessing = 0;
		};
/* End PBXSourcesBuildPhase section */

/* Begin PBXVariantGroup section */
		2957DFFD1F659502007CAE78 /* Main.storyboard */ = {
			isa = PBXVariantGroup;
			children = (
				2957DFFE1F659502007CAE78 /* Base */,
			);
			name = Main.storyboard;
			sourceTree = "<group>";
		};
		2957E0021F659502007CAE78 /* LaunchScreen.storyboard */ = {
			isa = PBXVariantGroup;
			children = (
				2957E0031F659502007CAE78 /* Base */,
			);
			name = LaunchScreen.storyboard;
			sourceTree = "<group>";
		};
/* End PBXVariantGroup section */

/* Begin XCBuildConfiguration section */
		2957E0061F659502007CAE78 /* Debug */ = {
			isa = XCBuildConfiguration;
			buildSettings = {
				ALWAYS_SEARCH_USER_PATHS = NO;
				CLANG_ANALYZER_NONNULL = YES;
				CLANG_ANALYZER_NUMBER_OBJECT_CONVERSION = YES_AGGRESSIVE;
				CLANG_CXX_LANGUAGE_STANDARD = "gnu++14";
				CLANG_CXX_LIBRARY = "libc++";
				CLANG_ENABLE_MODULES = YES;
				CLANG_ENABLE_OBJC_ARC = YES;
				CLANG_WARN_BLOCK_CAPTURE_AUTORELEASING = YES;
				CLANG_WARN_BOOL_CONVERSION = YES;
				CLANG_WARN_COMMA = YES;
				CLANG_WARN_CONSTANT_CONVERSION = YES;
				CLANG_WARN_DIRECT_OBJC_ISA_USAGE = YES_ERROR;
				CLANG_WARN_DOCUMENTATION_COMMENTS = YES;
				CLANG_WARN_EMPTY_BODY = YES;
				CLANG_WARN_ENUM_CONVERSION = YES;
				CLANG_WARN_INFINITE_RECURSION = YES;
				CLANG_WARN_INT_CONVERSION = YES;
				CLANG_WARN_NON_LITERAL_NULL_CONVERSION = YES;
				CLANG_WARN_OBJC_LITERAL_CONVERSION = YES;
				CLANG_WARN_OBJC_ROOT_CLASS = YES_ERROR;
				CLANG_WARN_RANGE_LOOP_ANALYSIS = YES;
				CLANG_WARN_STRICT_PROTOTYPES = YES;
				CLANG_WARN_SUSPICIOUS_MOVE = YES;
				CLANG_WARN_UNGUARDED_AVAILABILITY = YES_AGGRESSIVE;
				CLANG_WARN_UNREACHABLE_CODE = YES;
				CLANG_WARN__DUPLICATE_METHOD_MATCH = YES;
				CODE_SIGN_IDENTITY = "iPhone Developer";
				COPY_PHASE_STRIP = NO;
				DEBUG_INFORMATION_FORMAT = dwarf;
				ENABLE_STRICT_OBJC_MSGSEND = YES;
				ENABLE_TESTABILITY = YES;
				GCC_C_LANGUAGE_STANDARD = gnu11;
				GCC_DYNAMIC_NO_PIC = NO;
				GCC_NO_COMMON_BLOCKS = YES;
				GCC_OPTIMIZATION_LEVEL = 0;
				GCC_PREPROCESSOR_DEFINITIONS = (
					"DEBUG=1",
					"$(inherited)",
				);
				GCC_WARN_64_TO_32_BIT_CONVERSION = YES;
				GCC_WARN_ABOUT_RETURN_TYPE = YES_ERROR;
				GCC_WARN_UNDECLARED_SELECTOR = YES;
				GCC_WARN_UNINITIALIZED_AUTOS = YES_AGGRESSIVE;
				GCC_WARN_UNUSED_FUNCTION = YES;
				GCC_WARN_UNUSED_VARIABLE = YES;
				IPHONEOS_DEPLOYMENT_TARGET = 11.0;
				MTL_ENABLE_DEBUG_INFO = YES;
				ONLY_ACTIVE_ARCH = YES;
				SDKROOT = iphoneos;
				SWIFT_ACTIVE_COMPILATION_CONDITIONS = DEBUG;
				SWIFT_OPTIMIZATION_LEVEL = "-Onone";
			};
			name = Debug;
		};
		2957E0071F659502007CAE78 /* Release */ = {
			isa = XCBuildConfiguration;
			buildSettings = {
				ALWAYS_SEARCH_USER_PATHS = NO;
				CLANG_ANALYZER_NONNULL = YES;
				CLANG_ANALYZER_NUMBER_OBJECT_CONVERSION = YES_AGGRESSIVE;
				CLANG_CXX_LANGUAGE_STANDARD = "gnu++14";
				CLANG_CXX_LIBRARY = "libc++";
				CLANG_ENABLE_MODULES = YES;
				CLANG_ENABLE_OBJC_ARC = YES;
				CLANG_WARN_BLOCK_CAPTURE_AUTORELEASING = YES;
				CLANG_WARN_BOOL_CONVERSION = YES;
				CLANG_WARN_COMMA = YES;
				CLANG_WARN_CONSTANT_CONVERSION = YES;
				CLANG_WARN_DIRECT_OBJC_ISA_USAGE = YES_ERROR;
				CLANG_WARN_DOCUMENTATION_COMMENTS = YES;
				CLANG_WARN_EMPTY_BODY = YES;
				CLANG_WARN_ENUM_CONVERSION = YES;
				CLANG_WARN_INFINITE_RECURSION = YES;
				CLANG_WARN_INT_CONVERSION = YES;
				CLANG_WARN_NON_LITERAL_NULL_CONVERSION = YES;
				CLANG_WARN_OBJC_LITERAL_CONVERSION = YES;
				CLANG_WARN_OBJC_ROOT_CLASS = YES_ERROR;
				CLANG_WARN_RANGE_LOOP_ANALYSIS = YES;
				CLANG_WARN_STRICT_PROTOTYPES = YES;
				CLANG_WARN_SUSPICIOUS_MOVE = YES;
				CLANG_WARN_UNGUARDED_AVAILABILITY = YES_AGGRESSIVE;
				CLANG_WARN_UNREACHABLE_CODE = YES;
				CLANG_WARN__DUPLICATE_METHOD_MATCH = YES;
				CODE_SIGN_IDENTITY = "iPhone Developer";
				COPY_PHASE_STRIP = NO;
				DEBUG_INFORMATION_FORMAT = "dwarf-with-dsym";
				ENABLE_NS_ASSERTIONS = NO;
				ENABLE_STRICT_OBJC_MSGSEND = YES;
				GCC_C_LANGUAGE_STANDARD = gnu11;
				GCC_NO_COMMON_BLOCKS = YES;
				GCC_WARN_64_TO_32_BIT_CONVERSION = YES;
				GCC_WARN_ABOUT_RETURN_TYPE = YES_ERROR;
				GCC_WARN_UNDECLARED_SELECTOR = YES;
				GCC_WARN_UNINITIALIZED_AUTOS = YES_AGGRESSIVE;
				GCC_WARN_UNUSED_FUNCTION = YES;
				GCC_WARN_UNUSED_VARIABLE = YES;
				IPHONEOS_DEPLOYMENT_TARGET = 11.0;
				MTL_ENABLE_DEBUG_INFO = NO;
				SDKROOT = iphoneos;
				SWIFT_OPTIMIZATION_LEVEL = "-Owholemodule";
				VALIDATE_PRODUCT = YES;
			};
			name = Release;
		};
		2957E0091F659502007CAE78 /* Debug */ = {
			isa = XCBuildConfiguration;
			buildSettings = {
				ASSETCATALOG_COMPILER_APPICON_NAME = AppIcon;
				CODE_SIGN_STYLE = Automatic;
				DEVELOPMENT_TEAM = K5PX54PSAX;
				INFOPLIST_FILE = "My Game App/Info.plist";
				LD_RUNPATH_SEARCH_PATHS = "$(inherited) @executable_path/Frameworks";
				PRODUCT_BUNDLE_IDENTIFIER = "cinard.ca.My-Game-App";
				PRODUCT_NAME = "$(TARGET_NAME)";
				SWIFT_VERSION = 4.0;
				TARGETED_DEVICE_FAMILY = "1,2";
			};
			name = Debug;
		};
		2957E00A1F659502007CAE78 /* Release */ = {
			isa = XCBuildConfiguration;
			buildSettings = {
				ASSETCATALOG_COMPILER_APPICON_NAME = AppIcon;
				CODE_SIGN_STYLE = Automatic;
				DEVELOPMENT_TEAM = K5PX54PSAX;
				INFOPLIST_FILE = "My Game App/Info.plist";
				LD_RUNPATH_SEARCH_PATHS = "$(inherited) @executable_path/Frameworks";
				PRODUCT_BUNDLE_IDENTIFIER = "cinard.ca.My-Game-App";
				PRODUCT_NAME = "$(TARGET_NAME)";
				SWIFT_VERSION = 4.0;
				TARGETED_DEVICE_FAMILY = "1,2";
			};
			name = Release;
		};
/* End XCBuildConfiguration section */

/* Begin XCConfigurationList section */
		2957DFEB1F659502007CAE78 /* Build configuration list for PBXProject "My Game App" */ = {
			isa = XCConfigurationList;
			buildConfigurations = (
				2957E0061F659502007CAE78 /* Debug */,
				2957E0071F659502007CAE78 /* Release */,
			);
			defaultConfigurationIsVisible = 0;
			defaultConfigurationName = Release;
		};
		2957E0081F659502007CAE78 /* Build configuration list for PBXNativeTarget "My Game App" */ = {
			isa = XCConfigurationList;
			buildConfigurations = (
				2957E0091F659502007CAE78 /* Debug */,
				2957E00A1F659502007CAE78 /* Release */,
			);
			defaultConfigurationIsVisible = 0;
			defaultConfigurationName = Release;
		};
/* End XCConfigurationList section */
	};
	rootObject = 2957DFE81F659502007CAE78 /* Project object */;
}
